// !$*UTF8*$!
{
	archiveVersion = 1;
	classes = {
	};
	objectVersion = 56;
	objects = {

/* Begin PBXBuildFile section */
		81789F292B29C178002F6CBB /* AppDelegate.swift in Sources */ = {isa = PBXBuildFile; fileRef = 81789F282B29C178002F6CBB /* AppDelegate.swift */; };
		81789F2B2B29C178002F6CBB /* SceneDelegate.swift in Sources */ = {isa = PBXBuildFile; fileRef = 81789F2A2B29C178002F6CBB /* SceneDelegate.swift */; };
		81789F2D2B29C178002F6CBB /* ViewController.swift in Sources */ = {isa = PBXBuildFile; fileRef = 81789F2C2B29C178002F6CBB /* ViewController.swift */; };
		81789F302B29C178002F6CBB /* Main.storyboard in Resources */ = {isa = PBXBuildFile; fileRef = 81789F2E2B29C178002F6CBB /* Main.storyboard */; };
		81789F322B29C17A002F6CBB /* Assets.xcassets in Resources */ = {isa = PBXBuildFile; fileRef = 81789F312B29C17A002F6CBB /* Assets.xcassets */; };
		81789F352B29C17A002F6CBB /* LaunchScreen.storyboard in Resources */ = {isa = PBXBuildFile; fileRef = 81789F332B29C17A002F6CBB /* LaunchScreen.storyboard */; };
		81789F3D2B29D310002F6CBB /* DatabaseManager.swift in Sources */ = {isa = PBXBuildFile; fileRef = 81789F3C2B29D310002F6CBB /* DatabaseManager.swift */; };
		81789F3F2B2AD821002F6CBB /* itemsDBManager.swift in Sources */ = {isa = PBXBuildFile; fileRef = 81789F3E2B2AD821002F6CBB /* itemsDBManager.swift */; };
		81789F412B2ADAFD002F6CBB /* ShoppingListManager.swift in Sources */ = {isa = PBXBuildFile; fileRef = 81789F402B2ADAFD002F6CBB /* ShoppingListManager.swift */; };
		81789F432B2AE157002F6CBB /* RecipeAPIManager.swift in Sources */ = {isa = PBXBuildFile; fileRef = 81789F422B2AE157002F6CBB /* RecipeAPIManager.swift */; };
		81789F452B2B1706002F6CBB /* PantryViewController.swift in Sources */ = {isa = PBXBuildFile; fileRef = 81789F442B2B1705002F6CBB /* PantryViewController.swift */; };
		81789F472B2B3EAA002F6CBB /* groceryitems.db in Resources */ = {isa = PBXBuildFile; fileRef = 81789F462B2B3EAA002F6CBB /* groceryitems.db */; };
		81789F492B2C07DB002F6CBB /* AddToPantryViewController.swift in Sources */ = {isa = PBXBuildFile; fileRef = 81789F482B2C07DB002F6CBB /* AddToPantryViewController.swift */; };
		81789F4B2B2C27E2002F6CBB /* RecipeViewController.swift in Sources */ = {isa = PBXBuildFile; fileRef = 81789F4A2B2C27E2002F6CBB /* RecipeViewController.swift */; };
/* End PBXBuildFile section */

/* Begin PBXFileReference section */
		81789F252B29C178002F6CBB /* Final Project.app */ = {isa = PBXFileReference; explicitFileType = wrapper.application; includeInIndex = 0; path = "Final Project.app"; sourceTree = BUILT_PRODUCTS_DIR; };
		81789F282B29C178002F6CBB /* AppDelegate.swift */ = {isa = PBXFileReference; lastKnownFileType = sourcecode.swift; path = AppDelegate.swift; sourceTree = "<group>"; };
		81789F2A2B29C178002F6CBB /* SceneDelegate.swift */ = {isa = PBXFileReference; lastKnownFileType = sourcecode.swift; path = SceneDelegate.swift; sourceTree = "<group>"; };
		81789F2C2B29C178002F6CBB /* ViewController.swift */ = {isa = PBXFileReference; lastKnownFileType = sourcecode.swift; path = ViewController.swift; sourceTree = "<group>"; };
		81789F2F2B29C178002F6CBB /* Base */ = {isa = PBXFileReference; lastKnownFileType = file.storyboard; name = Base; path = Base.lproj/Main.storyboard; sourceTree = "<group>"; };
		81789F312B29C17A002F6CBB /* Assets.xcassets */ = {isa = PBXFileReference; lastKnownFileType = folder.assetcatalog; path = Assets.xcassets; sourceTree = "<group>"; };
		81789F342B29C17A002F6CBB /* Base */ = {isa = PBXFileReference; lastKnownFileType = file.storyboard; name = Base; path = Base.lproj/LaunchScreen.storyboard; sourceTree = "<group>"; };
		81789F362B29C17A002F6CBB /* Info.plist */ = {isa = PBXFileReference; lastKnownFileType = text.plist.xml; path = Info.plist; sourceTree = "<group>"; };
		81789F3C2B29D310002F6CBB /* DatabaseManager.swift */ = {isa = PBXFileReference; lastKnownFileType = sourcecode.swift; path = DatabaseManager.swift; sourceTree = "<group>"; };
		81789F3E2B2AD821002F6CBB /* itemsDBManager.swift */ = {isa = PBXFileReference; lastKnownFileType = sourcecode.swift; path = itemsDBManager.swift; sourceTree = "<group>"; };
		81789F402B2ADAFD002F6CBB /* ShoppingListManager.swift */ = {isa = PBXFileReference; lastKnownFileType = sourcecode.swift; path = ShoppingListManager.swift; sourceTree = "<group>"; };
		81789F422B2AE157002F6CBB /* RecipeAPIManager.swift */ = {isa = PBXFileReference; lastKnownFileType = sourcecode.swift; path = RecipeAPIManager.swift; sourceTree = SOURCE_ROOT; };
		81789F442B2B1705002F6CBB /* PantryViewController.swift */ = {isa = PBXFileReference; lastKnownFileType = sourcecode.swift; name = PantryViewController.swift; path = ../PantryViewController.swift; sourceTree = "<group>"; };
		81789F462B2B3EAA002F6CBB /* groceryitems.db */ = {isa = PBXFileReference; lastKnownFileType = file; path = groceryitems.db; sourceTree = "<group>"; };
		81789F482B2C07DB002F6CBB /* AddToPantryViewController.swift */ = {isa = PBXFileReference; lastKnownFileType = sourcecode.swift; path = AddToPantryViewController.swift; sourceTree = SOURCE_ROOT; };
		81789F4A2B2C27E2002F6CBB /* RecipeViewController.swift */ = {isa = PBXFileReference; lastKnownFileType = sourcecode.swift; path = RecipeViewController.swift; sourceTree = SOURCE_ROOT; };
		81789F4E2B2C2E82002F6CBB /* README.md */ = {isa = PBXFileReference; lastKnownFileType = net.daringfireball.markdown; path = README.md; sourceTree = "<group>"; };
/* End PBXFileReference section */

/* Begin PBXFrameworksBuildPhase section */
		81789F222B29C178002F6CBB /* Frameworks */ = {
			isa = PBXFrameworksBuildPhase;
			buildActionMask = 2147483647;
			files = (
			);
			runOnlyForDeploymentPostprocessing = 0;
		};
/* End PBXFrameworksBuildPhase section */

/* Begin PBXGroup section */
		81789F1C2B29C178002F6CBB = {
			isa = PBXGroup;
			children = (
				81789F4E2B2C2E82002F6CBB /* README.md */,
				81789F462B2B3EAA002F6CBB /* groceryitems.db */,
				81789F272B29C178002F6CBB /* Final Project */,
				81789F262B29C178002F6CBB /* Products */,
			);
			sourceTree = "<group>";
		};
		81789F262B29C178002F6CBB /* Products */ = {
			isa = PBXGroup;
			children = (
				81789F252B29C178002F6CBB /* Final Project.app */,
			);
			name = Products;
			sourceTree = "<group>";
		};
		81789F272B29C178002F6CBB /* Final Project */ = {
			isa = PBXGroup;
			children = (
				81789F282B29C178002F6CBB /* AppDelegate.swift */,
				81789F2A2B29C178002F6CBB /* SceneDelegate.swift */,
				81789F2C2B29C178002F6CBB /* ViewController.swift */,
				81789F442B2B1705002F6CBB /* PantryViewController.swift */,
				81789F482B2C07DB002F6CBB /* AddToPantryViewController.swift */,
				81789F4A2B2C27E2002F6CBB /* RecipeViewController.swift */,
				81789F2E2B29C178002F6CBB /* Main.storyboard */,
				81789F312B29C17A002F6CBB /* Assets.xcassets */,
				81789F332B29C17A002F6CBB /* LaunchScreen.storyboard */,
				81789F362B29C17A002F6CBB /* Info.plist */,
				81789F3C2B29D310002F6CBB /* DatabaseManager.swift */,
				81789F3E2B2AD821002F6CBB /* itemsDBManager.swift */,
				81789F402B2ADAFD002F6CBB /* ShoppingListManager.swift */,
				81789F422B2AE157002F6CBB /* RecipeAPIManager.swift */,
			);
			path = "Final Project";
			sourceTree = "<group>";
		};
/* End PBXGroup section */

/* Begin PBXNativeTarget section */
		81789F242B29C178002F6CBB /* Final Project */ = {
			isa = PBXNativeTarget;
			buildConfigurationList = 81789F392B29C17A002F6CBB /* Build configuration list for PBXNativeTarget "Final Project" */;
			buildPhases = (
				81789F212B29C178002F6CBB /* Sources */,
				81789F222B29C178002F6CBB /* Frameworks */,
				81789F232B29C178002F6CBB /* Resources */,
			);
			buildRules = (
			);
			dependencies = (
			);
			name = "Final Project";
			productName = "Final Project";
			productReference = 81789F252B29C178002F6CBB /* Final Project.app */;
			productType = "com.apple.product-type.application";
		};
/* End PBXNativeTarget section */

/* Begin PBXProject section */
		81789F1D2B29C178002F6CBB /* Project object */ = {
			isa = PBXProject;
			attributes = {
				BuildIndependentTargetsInParallel = 1;
				LastSwiftUpdateCheck = 1430;
				LastUpgradeCheck = 1430;
				TargetAttributes = {
					81789F242B29C178002F6CBB = {
						CreatedOnToolsVersion = 14.3.1;
					};
				};
			};
			buildConfigurationList = 81789F202B29C178002F6CBB /* Build configuration list for PBXProject "Final Project" */;
			compatibilityVersion = "Xcode 14.0";
			developmentRegion = en;
			hasScannedForEncodings = 0;
			knownRegions = (
				en,
				Base,
			);
			mainGroup = 81789F1C2B29C178002F6CBB;
			productRefGroup = 81789F262B29C178002F6CBB /* Products */;
			projectDirPath = "";
			projectRoot = "";
			targets = (
				81789F242B29C178002F6CBB /* Final Project */,
			);
		};
/* End PBXProject section */

/* Begin PBXResourcesBuildPhase section */
		81789F232B29C178002F6CBB /* Resources */ = {
			isa = PBXResourcesBuildPhase;
			buildActionMask = 2147483647;
			files = (
				81789F472B2B3EAA002F6CBB /* groceryitems.db in Resources */,
				81789F352B29C17A002F6CBB /* LaunchScreen.storyboard in Resources */,
				81789F322B29C17A002F6CBB /* Assets.xcassets in Resources */,
				81789F302B29C178002F6CBB /* Main.storyboard in Resources */,
			);
			runOnlyForDeploymentPostprocessing = 0;
		};
/* End PBXResourcesBuildPhase section */

/* Begin PBXSourcesBuildPhase section */
		81789F212B29C178002F6CBB /* Sources */ = {
			isa = PBXSourcesBuildPhase;
			buildActionMask = 2147483647;
			files = (
				81789F3D2B29D310002F6CBB /* DatabaseManager.swift in Sources */,
				81789F2D2B29C178002F6CBB /* ViewController.swift in Sources */,
				81789F452B2B1706002F6CBB /* PantryViewController.swift in Sources */,
				81789F292B29C178002F6CBB /* AppDelegate.swift in Sources */,
				81789F4B2B2C27E2002F6CBB /* RecipeViewController.swift in Sources */,
				81789F412B2ADAFD002F6CBB /* ShoppingListManager.swift in Sources */,
				81789F3F2B2AD821002F6CBB /* itemsDBManager.swift in Sources */,
				81789F492B2C07DB002F6CBB /* AddToPantryViewController.swift in Sources */,
				81789F2B2B29C178002F6CBB /* SceneDelegate.swift in Sources */,
				81789F432B2AE157002F6CBB /* RecipeAPIManager.swift in Sources */,
			);
			runOnlyForDeploymentPostprocessing = 0;
		};
/* End PBXSourcesBuildPhase section */

/* Begin PBXVariantGroup section */
		81789F2E2B29C178002F6CBB /* Main.storyboard */ = {
			isa = PBXVariantGroup;
			children = (
				81789F2F2B29C178002F6CBB /* Base */,
			);
			name = Main.storyboard;
			sourceTree = "<group>";
		};
		81789F332B29C17A002F6CBB /* LaunchScreen.storyboard */ = {
			isa = PBXVariantGroup;
			children = (
				81789F342B29C17A002F6CBB /* Base */,
			);
			name = LaunchScreen.storyboard;
			sourceTree = "<group>";
		};
/* End PBXVariantGroup section */

/* Begin XCBuildConfiguration section */
		81789F372B29C17A002F6CBB /* Debug */ = {
			isa = XCBuildConfiguration;
			buildSettings = {
				ALWAYS_SEARCH_USER_PATHS = NO;
				CLANG_ANALYZER_NONNULL = YES;
				CLANG_ANALYZER_NUMBER_OBJECT_CONVERSION = YES_AGGRESSIVE;
				CLANG_CXX_LANGUAGE_STANDARD = "gnu++20";
				CLANG_ENABLE_MODULES = YES;
				CLANG_ENABLE_OBJC_ARC = YES;
				CLANG_ENABLE_OBJC_WEAK = YES;
				CLANG_WARN_BLOCK_CAPTURE_AUTORELEASING = YES;
				CLANG_WARN_BOOL_CONVERSION = YES;
				CLANG_WARN_COMMA = YES;
				CLANG_WARN_CONSTANT_CONVERSION = YES;
				CLANG_WARN_DEPRECATED_OBJC_IMPLEMENTATIONS = YES;
				CLANG_WARN_DIRECT_OBJC_ISA_USAGE = YES_ERROR;
				CLANG_WARN_DOCUMENTATION_COMMENTS = YES;
				CLANG_WARN_EMPTY_BODY = YES;
				CLANG_WARN_ENUM_CONVERSION = YES;
				CLANG_WARN_INFINITE_RECURSION = YES;
				CLANG_WARN_INT_CONVERSION = YES;
				CLANG_WARN_NON_LITERAL_NULL_CONVERSION = YES;
				CLANG_WARN_OBJC_IMPLICIT_RETAIN_SELF = YES;
				CLANG_WARN_OBJC_LITERAL_CONVERSION = YES;
				CLANG_WARN_OBJC_ROOT_CLASS = YES_ERROR;
				CLANG_WARN_QUOTED_INCLUDE_IN_FRAMEWORK_HEADER = YES;
				CLANG_WARN_RANGE_LOOP_ANALYSIS = YES;
				CLANG_WARN_STRICT_PROTOTYPES = YES;
				CLANG_WARN_SUSPICIOUS_MOVE = YES;
				CLANG_WARN_UNGUARDED_AVAILABILITY = YES_AGGRESSIVE;
				CLANG_WARN_UNREACHABLE_CODE = YES;
				CLANG_WARN__DUPLICATE_METHOD_MATCH = YES;
				COPY_PHASE_STRIP = NO;
				DEBUG_INFORMATION_FORMAT = dwarf;
				ENABLE_STRICT_OBJC_MSGSEND = YES;
				ENABLE_TESTABILITY = YES;
				GCC_C_LANGUAGE_STANDARD = gnu11;
				GCC_DYNAMIC_NO_PIC = NO;
				GCC_NO_COMMON_BLOCKS = YES;
				GCC_OPTIMIZATION_LEVEL = 0;
				GCC_PREPROCESSOR_DEFINITIONS = (
					"DEBUG=1",
					"$(inherited)",
				);
				GCC_WARN_64_TO_32_BIT_CONVERSION = YES;
				GCC_WARN_ABOUT_RETURN_TYPE = YES_ERROR;
				GCC_WARN_UNDECLARED_SELECTOR = YES;
				GCC_WARN_UNINITIALIZED_AUTOS = YES_AGGRESSIVE;
				GCC_WARN_UNUSED_FUNCTION = YES;
				GCC_WARN_UNUSED_VARIABLE = YES;
				IPHONEOS_DEPLOYMENT_TARGET = 16.4;
				MTL_ENABLE_DEBUG_INFO = INCLUDE_SOURCE;
				MTL_FAST_MATH = YES;
				ONLY_ACTIVE_ARCH = YES;
				SDKROOT = iphoneos;
				SWIFT_ACTIVE_COMPILATION_CONDITIONS = DEBUG;
				SWIFT_OPTIMIZATION_LEVEL = "-Onone";
			};
			name = Debug;
		};
		81789F382B29C17A002F6CBB /* Release */ = {
			isa = XCBuildConfiguration;
			buildSettings = {
				ALWAYS_SEARCH_USER_PATHS = NO;
				CLANG_ANALYZER_NONNULL = YES;
				CLANG_ANALYZER_NUMBER_OBJECT_CONVERSION = YES_AGGRESSIVE;
				CLANG_CXX_LANGUAGE_STANDARD = "gnu++20";
				CLANG_ENABLE_MODULES = YES;
				CLANG_ENABLE_OBJC_ARC = YES;
				CLANG_ENABLE_OBJC_WEAK = YES;
				CLANG_WARN_BLOCK_CAPTURE_AUTORELEASING = YES;
				CLANG_WARN_BOOL_CONVERSION = YES;
				CLANG_WARN_COMMA = YES;
				CLANG_WARN_CONSTANT_CONVERSION = YES;
				CLANG_WARN_DEPRECATED_OBJC_IMPLEMENTATIONS = YES;
				CLANG_WARN_DIRECT_OBJC_ISA_USAGE = YES_ERROR;
				CLANG_WARN_DOCUMENTATION_COMMENTS = YES;
				CLANG_WARN_EMPTY_BODY = YES;
				CLANG_WARN_ENUM_CONVERSION = YES;
				CLANG_WARN_INFINITE_RECURSION = YES;
				CLANG_WARN_INT_CONVERSION = YES;
				CLANG_WARN_NON_LITERAL_NULL_CONVERSION = YES;
				CLANG_WARN_OBJC_IMPLICIT_RETAIN_SELF = YES;
				CLANG_WARN_OBJC_LITERAL_CONVERSION = YES;
				CLANG_WARN_OBJC_ROOT_CLASS = YES_ERROR;
				CLANG_WARN_QUOTED_INCLUDE_IN_FRAMEWORK_HEADER = YES;
				CLANG_WARN_RANGE_LOOP_ANALYSIS = YES;
				CLANG_WARN_STRICT_PROTOTYPES = YES;
				CLANG_WARN_SUSPICIOUS_MOVE = YES;
				CLANG_WARN_UNGUARDED_AVAILABILITY = YES_AGGRESSIVE;
				CLANG_WARN_UNREACHABLE_CODE = YES;
				CLANG_WARN__DUPLICATE_METHOD_MATCH = YES;
				COPY_PHASE_STRIP = NO;
				DEBUG_INFORMATION_FORMAT = "dwarf-with-dsym";
				ENABLE_NS_ASSERTIONS = NO;
				ENABLE_STRICT_OBJC_MSGSEND = YES;
				GCC_C_LANGUAGE_STANDARD = gnu11;
				GCC_NO_COMMON_BLOCKS = YES;
				GCC_WARN_64_TO_32_BIT_CONVERSION = YES;
				GCC_WARN_ABOUT_RETURN_TYPE = YES_ERROR;
				GCC_WARN_UNDECLARED_SELECTOR = YES;
				GCC_WARN_UNINITIALIZED_AUTOS = YES_AGGRESSIVE;
				GCC_WARN_UNUSED_FUNCTION = YES;
				GCC_WARN_UNUSED_VARIABLE = YES;
				IPHONEOS_DEPLOYMENT_TARGET = 16.4;
				MTL_ENABLE_DEBUG_INFO = NO;
				MTL_FAST_MATH = YES;
				SDKROOT = iphoneos;
				SWIFT_COMPILATION_MODE = wholemodule;
				SWIFT_OPTIMIZATION_LEVEL = "-O";
				VALIDATE_PRODUCT = YES;
			};
			name = Release;
		};
		81789F3A2B29C17A002F6CBB /* Debug */ = {
			isa = XCBuildConfiguration;
			buildSettings = {
				ASSETCATALOG_COMPILER_APPICON_NAME = AppIcon;
				ASSETCATALOG_COMPILER_GLOBAL_ACCENT_COLOR_NAME = AccentColor;
				CODE_SIGN_STYLE = Automatic;
				CURRENT_PROJECT_VERSION = 1;
				GENERATE_INFOPLIST_FILE = YES;
				INFOPLIST_FILE = "Final Project/Info.plist";
				INFOPLIST_KEY_UIApplicationSupportsIndirectInputEvents = YES;
				INFOPLIST_KEY_UILaunchStoryboardName = LaunchScreen;
				INFOPLIST_KEY_UIMainStoryboardFile = Main;
				INFOPLIST_KEY_UISupportedInterfaceOrientations_iPad = "UIInterfaceOrientationPortrait UIInterfaceOrientationPortraitUpsideDown UIInterfaceOrientationLandscapeLeft UIInterfaceOrientationLandscapeRight";
				INFOPLIST_KEY_UISupportedInterfaceOrientations_iPhone = "UIInterfaceOrientationPortrait UIInterfaceOrientationLandscapeLeft UIInterfaceOrientationLandscapeRight";
				LD_RUNPATH_SEARCH_PATHS = (
					"$(inherited)",
					"@executable_path/Frameworks",
				);
				MARKETING_VERSION = 1.0;
				PRODUCT_BUNDLE_IDENTIFIER = "com.tylerjadavidson.Final-Project";
				PRODUCT_NAME = "$(TARGET_NAME)";
				SWIFT_EMIT_LOC_STRINGS = YES;
				SWIFT_VERSION = 5.0;
				TARGETED_DEVICE_FAMILY = "1,2";
			};
			name = Debug;
		};
		81789F3B2B29C17A002F6CBB /* Release */ = {
			isa = XCBuildConfiguration;
			buildSettings = {
				ASSETCATALOG_COMPILER_APPICON_NAME = AppIcon;
				ASSETCATALOG_COMPILER_GLOBAL_ACCENT_COLOR_NAME = AccentColor;
				CODE_SIGN_STYLE = Automatic;
				CURRENT_PROJECT_VERSION = 1;
				GENERATE_INFOPLIST_FILE = YES;
				INFOPLIST_FILE = "Final Project/Info.plist";
				INFOPLIST_KEY_UIApplicationSupportsIndirectInputEvents = YES;
				INFOPLIST_KEY_UILaunchStoryboardName = LaunchScreen;
				INFOPLIST_KEY_UIMainStoryboardFile = Main;
				INFOPLIST_KEY_UISupportedInterfaceOrientations_iPad = "UIInterfaceOrientationPortrait UIInterfaceOrientationPortraitUpsideDown UIInterfaceOrientationLandscapeLeft UIInterfaceOrientationLandscapeRight";
				INFOPLIST_KEY_UISupportedInterfaceOrientations_iPhone = "UIInterfaceOrientationPortrait UIInterfaceOrientationLandscapeLeft UIInterfaceOrientationLandscapeRight";
				LD_RUNPATH_SEARCH_PATHS = (
					"$(inherited)",
					"@executable_path/Frameworks",
				);
				MARKETING_VERSION = 1.0;
				PRODUCT_BUNDLE_IDENTIFIER = "com.tylerjadavidson.Final-Project";
				PRODUCT_NAME = "$(TARGET_NAME)";
				SWIFT_EMIT_LOC_STRINGS = YES;
				SWIFT_VERSION = 5.0;
				TARGETED_DEVICE_FAMILY = "1,2";
			};
			name = Release;
		};
/* End XCBuildConfiguration section */

/* Begin XCConfigurationList section */
		81789F202B29C178002F6CBB /* Build configuration list for PBXProject "Final Project" */ = {
			isa = XCConfigurationList;
			buildConfigurations = (
				81789F372B29C17A002F6CBB /* Debug */,
				81789F382B29C17A002F6CBB /* Release */,
			);
			defaultConfigurationIsVisible = 0;
			defaultConfigurationName = Release;
		};
		81789F392B29C17A002F6CBB /* Build configuration list for PBXNativeTarget "Final Project" */ = {
			isa = XCConfigurationList;
			buildConfigurations = (
				81789F3A2B29C17A002F6CBB /* Debug */,
				81789F3B2B29C17A002F6CBB /* Release */,
			);
			defaultConfigurationIsVisible = 0;
			defaultConfigurationName = Release;
		};
/* End XCConfigurationList section */
	};
	rootObject = 81789F1D2B29C178002F6CBB /* Project object */;
}
